Microsoft Visual Studio Solution File, Format Version 12.00
# Visual Studio Version 16
VisualStudioVersion = 16.0.0.0
MinimumVisualStudioVersion = 16.0.0.0
Project("{9A19103F-16F7-4668-BE54-9A1E7A4F7556}") = "blazor_rename_bug_repo.Server", "Server\blazor_rename_bug_repo.Server.csproj", "{C4D75A20-6321-474D-B4C4-C078880100DB}"
EndProject
Project("{9A19103F-16F7-4668-BE54-9A1E7A4F7556}") = "blazor_rename_bug_repo.Client", "Client\blazor_rename_bug_repo.Client.csproj", "{E256D7D5-5674-44CC-9BCC-7B51CB0CC8AF}"
EndProject
Project("{9A19103F-16F7-4668-BE54-9A1E7A4F7556}") = "blazor_rename_bug_repo.Shared", "Shared\blazor_rename_bug_repo.Shared.csproj", "{699F2FC3-E038-47C4-9839-656022F85699}"
EndProject
Global
	GlobalSection(SolutionConfigurationPlatforms) = preSolution
		Debug|Any CPU = Debug|Any CPU
		Debug|x64 = Debug|x64
		Debug|x86 = Debug|x86
		Release|Any CPU = Release|Any CPU
		Release|x64 = Release|x64
		Release|x86 = Release|x86
	EndGlobalSection
	GlobalSection(ProjectConfigurationPlatforms) = postSolution
		{E256D7D5-5674-44CC-9BCC-7B51CB0CC8AF}.Debug|Any CPU.ActiveCfg = Debug|Any CPU
		{E256D7D5-5674-44CC-9BCC-7B51CB0CC8AF}.Debug|Any CPU.Build.0 = Debug|Any CPU
		{E256D7D5-5674-44CC-9BCC-7B51CB0CC8AF}.Debug|x64.ActiveCfg = Debug|Any CPU
		{E256D7D5-5674-44CC-9BCC-7B51CB0CC8AF}.Debug|x64.Build.0 = Debug|Any CPU
		{E256D7D5-5674-44CC-9BCC-7B51CB0CC8AF}.Debug|x86.ActiveCfg = Debug|Any CPU
		{E256D7D5-5674-44CC-9BCC-7B51CB0CC8AF}.Debug|x86.Build.0 = Debug|Any CPU
		{E256D7D5-5674-44CC-9BCC-7B51CB0CC8AF}.Release|Any CPU.ActiveCfg = Release|Any CPU
		{E256D7D5-5674-44CC-9BCC-7B51CB0CC8AF}.Release|Any CPU.Build.0 = Release|Any CPU
		{E256D7D5-5674-44CC-9BCC-7B51CB0CC8AF}.Release|x64.ActiveCfg = Release|Any CPU
		{E256D7D5-5674-44CC-9BCC-7B51CB0CC8AF}.Release|x64.Build.0 = Release|Any CPU
		{E256D7D5-5674-44CC-9BCC-7B51CB0CC8AF}.Release|x86.ActiveCfg = Release|Any CPU
		{E256D7D5-5674-44CC-9BCC-7B51CB0CC8AF}.Release|x86.Build.0 = Release|Any CPU
		{C4D75A20-6321-474D-B4C4-C078880100DB}.Debug|Any CPU.ActiveCfg = Debug|Any CPU
		{C4D75A20-6321-474D-B4C4-C078880100DB}.Debug|Any CPU.Build.0 = Debug|Any CPU
		{C4D75A20-6321-474D-B4C4-C078880100DB}.Debug|x64.ActiveCfg = Debug|Any CPU
		{C4D75A20-6321-474D-B4C4-C078880100DB}.Debug|x64.Build.0 = Debug|Any CPU
		{C4D75A20-6321-474D-B4C4-C078880100DB}.Debug|x86.ActiveCfg = Debug|Any CPU
		{C4D75A20-6321-474D-B4C4-C078880100DB}.Debug|x86.Build.0 = Debug|Any CPU
		{C4D75A20-6321-474D-B4C4-C078880100DB}.Release|Any CPU.ActiveCfg = Release|Any CPU
		{C4D75A20-6321-474D-B4C4-C078880100DB}.Release|Any CPU.Build.0 = Release|Any CPU
		{C4D75A20-6321-474D-B4C4-C078880100DB}.Release|x64.ActiveCfg = Release|Any CPU
		{C4D75A20-6321-474D-B4C4-C078880100DB}.Release|x64.Build.0 = Release|Any CPU
		{C4D75A20-6321-474D-B4C4-C078880100DB}.Release|x86.ActiveCfg = Release|Any CPU
		{C4D75A20-6321-474D-B4C4-C078880100DB}.Release|x86.Build.0 = Release|Any CPU
		{699F2FC3-E038-47C4-9839-656022F85699}.Debug|Any CPU.ActiveCfg = Debug|Any CPU
		{699F2FC3-E038-47C4-9839-656022F85699}.Debug|Any CPU.Build.0 = Debug|Any CPU
		{699F2FC3-E038-47C4-9839-656022F85699}.Debug|x64.ActiveCfg = Debug|Any CPU
		{699F2FC3-E038-47C4-9839-656022F85699}.Debug|x64.Build.0 = Debug|Any CPU
		{699F2FC3-E038-47C4-9839-656022F85699}.Debug|x86.ActiveCfg = Debug|Any CPU
		{699F2FC3-E038-47C4-9839-656022F85699}.Debug|x86.Build.0 = Debug|Any CPU
		{699F2FC3-E038-47C4-9839-656022F85699}.Release|Any CPU.ActiveCfg = Release|Any CPU
		{699F2FC3-E038-47C4-9839-656022F85699}.Release|Any CPU.Build.0 = Release|Any CPU
		{699F2FC3-E038-47C4-9839-656022F85699}.Release|x64.ActiveCfg = Release|Any CPU
		{699F2FC3-E038-47C4-9839-656022F85699}.Release|x64.Build.0 = Release|Any CPU
		{699F2FC3-E038-47C4-9839-656022F85699}.Release|x86.ActiveCfg = Release|Any CPU
		{699F2FC3-E038-47C4-9839-656022F85699}.Release|x86.Build.0 = Release|Any CPU
	EndGlobalSection
	GlobalSection(SolutionProperties) = preSolution
		HideSolutionNode = FALSE
	EndGlobalSection
	GlobalSection(ExtensibilityGlobals) = postSolution
		SolutionGuid = {61ED1CBB-9BE3-4C02-88A0-FFE67476C1E1}
	EndGlobalSection
EndGlobal